PODS:
  - Alamofire (5.4.3)
  - AlamofireImage (4.2.0):
    - Alamofire (~> 5.4)
  - Hero (1.6.1)
  - KeychainSwift (19.0.0)
  - lottie-ios (3.2.2)
  - PhoneNumberKit (3.3.3):
    - PhoneNumberKit/PhoneNumberKitCore (= 3.3.3)
    - PhoneNumberKit/UIKit (= 3.3.3)
  - PhoneNumberKit/PhoneNumberKitCore (3.3.3)
  - PhoneNumberKit/UIKit (3.3.3):
    - PhoneNumberKit/PhoneNumberKitCore
  - SkeletonView (1.15.0)

DEPENDENCIES:
  - Alamofire
  - AlamofireImage (~> 4.1)
  - Hero
  - KeychainSwift (~> 19.0)
  - lottie-ios
  - PhoneNumberKit (~> 3.3)
  - SkeletonView

SPEC REPOS:
  trunk:
    - Alamofire
    - AlamofireImage
    - Hero
    - KeychainSwift
    - lottie-ios
    - PhoneNumberKit
    - SkeletonView

SPEC CHECKSUMS:
  Alamofire: e447a2774a40c996748296fa2c55112fdbbc42f9
  AlamofireImage: 34a2d90b0e5fe6a5605f85ae4b7b01e784c60192
  Hero: 215865ba3ae41dd9bb08cd6c60a645529c6fc94b
  KeychainSwift: a06190cf933ad46b1e0abc3d77d29c06331715c7
  lottie-ios: a033bb989eea77d9f99cc4e2bbdd3788229761ad
  PhoneNumberKit: 4ce83273551c4d2ae10b7361162f4283dd02835f
  SkeletonView: cac18a3ac4f893b09d99e65072d806ef08377aae

PODFILE CHECKSUM: e1d05681910fc4158f729f160850e812c300ef40

COCOAPODS: 1.10.1
