// !$*UTF8*$!
{
	archiveVersion = 1;
	classes = {
	};
	objectVersion = 51;
	objects = {

/* Begin PBXBuildFile section */
		90009F3B1EF4D15FF2B4CA19 /* Pods_restaurants.framework in Frameworks */ = {isa = PBXBuildFile; fileRef = F1B89F6FBA7BC1CC1A76E4E2 /* Pods_restaurants.framework */; };
		E215534924B297CC00494E1A /* OverlayButton.swift in Sources */ = {isa = PBXBuildFile; fileRef = E215534824B297CC00494E1A /* OverlayButton.swift */; };
		E215534D24B2A20E00494E1A /* UIView-Extension.swift in Sources */ = {isa = PBXBuildFile; fileRef = E215534C24B2A20E00494E1A /* UIView-Extension.swift */; };
		E215534F24B2C16F00494E1A /* UIButton-Extension.swift in Sources */ = {isa = PBXBuildFile; fileRef = E215534E24B2C16F00494E1A /* UIButton-Extension.swift */; };
		E215535124B2EA1B00494E1A /* RestaurantDetailVC.swift in Sources */ = {isa = PBXBuildFile; fileRef = E215535024B2EA1B00494E1A /* RestaurantDetailVC.swift */; };
		E215535324B3C9A700494E1A /* Review.swift in Sources */ = {isa = PBXBuildFile; fileRef = E215535224B3C9A700494E1A /* Review.swift */; };
		E215535524B3F29D00494E1A /* Date-Extension.swift in Sources */ = {isa = PBXBuildFile; fileRef = E215535424B3F29D00494E1A /* Date-Extension.swift */; };
		E215535724B3F83E00494E1A /* StarRatingView.swift in Sources */ = {isa = PBXBuildFile; fileRef = E215535624B3F83E00494E1A /* StarRatingView.swift */; };
		E215535924B4247D00494E1A /* Fonts.swift in Sources */ = {isa = PBXBuildFile; fileRef = E215535824B4247D00494E1A /* Fonts.swift */; };
		E215535B24B4343500494E1A /* PaddingLabel.swift in Sources */ = {isa = PBXBuildFile; fileRef = E215535A24B4343500494E1A /* PaddingLabel.swift */; };
		E215535D24B5007500494E1A /* UIScrollView-Extension.swift in Sources */ = {isa = PBXBuildFile; fileRef = E215535C24B5007500494E1A /* UIScrollView-Extension.swift */; };
		E215535F24B5220500494E1A /* ReviewView.swift in Sources */ = {isa = PBXBuildFile; fileRef = E215535E24B5220500494E1A /* ReviewView.swift */; };
		E233541624B15F8C00A85DA3 /* Values.swift in Sources */ = {isa = PBXBuildFile; fileRef = E233541524B15F8C00A85DA3 /* Values.swift */; };
		E233541824B1627200A85DA3 /* UIImage-Extension.swift in Sources */ = {isa = PBXBuildFile; fileRef = E233541724B1627200A85DA3 /* UIImage-Extension.swift */; };
		E2574A2324B53348006618D7 /* UIImageView-Extension.swift in Sources */ = {isa = PBXBuildFile; fileRef = E2574A2224B53348006618D7 /* UIImageView-Extension.swift */; };
		E2574A2524B58D14006618D7 /* TwoLevelButton.swift in Sources */ = {isa = PBXBuildFile; fileRef = E2574A2424B58D14006618D7 /* TwoLevelButton.swift */; };
		E2574A2724B65069006618D7 /* PriceLabel.swift in Sources */ = {isa = PBXBuildFile; fileRef = E2574A2624B65069006618D7 /* PriceLabel.swift */; };
		E2574A2B24B67DCF006618D7 /* MapCutoutView.swift in Sources */ = {isa = PBXBuildFile; fileRef = E2574A2A24B67DCF006618D7 /* MapCutoutView.swift */; };
		E2574A2D24B6A537006618D7 /* TimeInterval-Extension.swift in Sources */ = {isa = PBXBuildFile; fileRef = E2574A2C24B6A537006618D7 /* TimeInterval-Extension.swift */; };
		E2574A3224B7D41D006618D7 /* ScrollingStackView.swift in Sources */ = {isa = PBXBuildFile; fileRef = E2574A3124B7D41D006618D7 /* ScrollingStackView.swift */; };
		E2705B5624C3C1340049C1A8 /* RestaurantCell.swift in Sources */ = {isa = PBXBuildFile; fileRef = E2705B5524C3C1340049C1A8 /* RestaurantCell.swift */; };
		E271233E24CFD40400A1CC2B /* RestaurantSelectedView.swift in Sources */ = {isa = PBXBuildFile; fileRef = E271233D24CFD40400A1CC2B /* RestaurantSelectedView.swift */; };
		E2768DE824B1020F004CB475 /* RestaurantAnnotation.swift in Sources */ = {isa = PBXBuildFile; fileRef = E2768DE724B1020F004CB475 /* RestaurantAnnotation.swift */; };
		E2768DEE24B15284004CB475 /* RestaurantAnnotationView.swift in Sources */ = {isa = PBXBuildFile; fileRef = E2768DED24B15284004CB475 /* RestaurantAnnotationView.swift */; };
		E2768DF024B15340004CB475 /* Colors.swift in Sources */ = {isa = PBXBuildFile; fileRef = E2768DEF24B15340004CB475 /* Colors.swift */; };
		E2778DD924B7F9DC00151F29 /* String-Extension.swift in Sources */ = {isa = PBXBuildFile; fileRef = E2778DD824B7F9DC00151F29 /* String-Extension.swift */; };
		E2778DDB24B832A100151F29 /* RestaurantCategoriesView.swift in Sources */ = {isa = PBXBuildFile; fileRef = E2778DDA24B832A100151F29 /* RestaurantCategoriesView.swift */; };
		E2778DDF24B96CAD00151F29 /* WebVC.swift in Sources */ = {isa = PBXBuildFile; fileRef = E2778DDE24B96CAD00151F29 /* WebVC.swift */; };
		E2778DE124BB8C0F00151F29 /* HeaderDetailView.swift in Sources */ = {isa = PBXBuildFile; fileRef = E2778DE024BB8C0F00151F29 /* HeaderDetailView.swift */; };
		E2778DE324BBA1BF00151F29 /* PhotosVC.swift in Sources */ = {isa = PBXBuildFile; fileRef = E2778DE224BBA1BF00151F29 /* PhotosVC.swift */; };
		E2778DE524BBA5B200151F29 /* PhotoCell.swift in Sources */ = {isa = PBXBuildFile; fileRef = E2778DE424BBA5B200151F29 /* PhotoCell.swift */; };
		E27A755A24A8557E00E446EE /* AppDelegate.swift in Sources */ = {isa = PBXBuildFile; fileRef = E27A755924A8557E00E446EE /* AppDelegate.swift */; };
		E27A755C24A8557E00E446EE /* SceneDelegate.swift in Sources */ = {isa = PBXBuildFile; fileRef = E27A755B24A8557E00E446EE /* SceneDelegate.swift */; };
		E27A756324A8558000E446EE /* Assets.xcassets in Resources */ = {isa = PBXBuildFile; fileRef = E27A756224A8558000E446EE /* Assets.xcassets */; };
		E27A756624A8558000E446EE /* LaunchScreen.storyboard in Resources */ = {isa = PBXBuildFile; fileRef = E27A756424A8558000E446EE /* LaunchScreen.storyboard */; };
		E27A756E24A855EC00E446EE /* FindRestaurantVC.swift in Sources */ = {isa = PBXBuildFile; fileRef = E27A756D24A855EC00E446EE /* FindRestaurantVC.swift */; };
		E27A757024A85AA100E446EE /* UIViewController-Extension.swift in Sources */ = {isa = PBXBuildFile; fileRef = E27A756F24A85AA100E446EE /* UIViewController-Extension.swift */; };
		E27A757224A85CF900E446EE /* CLLocationManager-Extension.swift in Sources */ = {isa = PBXBuildFile; fileRef = E27A757124A85CF900E446EE /* CLLocationManager-Extension.swift */; };
		E27A757424AEDD3A00E446EE /* MKMapView-Extension.swift in Sources */ = {isa = PBXBuildFile; fileRef = E27A757324AEDD3A00E446EE /* MKMapView-Extension.swift */; };
		E27A757624AF9ECC00E446EE /* Network.swift in Sources */ = {isa = PBXBuildFile; fileRef = E27A757524AF9ECC00E446EE /* Network.swift */; };
		E284DC0924BBD82100790A29 /* SinglePhotoVC.swift in Sources */ = {isa = PBXBuildFile; fileRef = E284DC0824BBD82100790A29 /* SinglePhotoVC.swift */; };
		E284DC0B24BE8EC400790A29 /* RestaurantSpecificInfoVC.swift in Sources */ = {isa = PBXBuildFile; fileRef = E284DC0A24BE8EC400790A29 /* RestaurantSpecificInfoVC.swift */; };
		E2B6A2B724AFECD10070DECA /* Restaurant.swift in Sources */ = {isa = PBXBuildFile; fileRef = E2B6A2B624AFECD10070DECA /* Restaurant.swift */; };
		E2B6A2B924B007030070DECA /* CLLocationCoordinate2D-Extension.swift in Sources */ = {isa = PBXBuildFile; fileRef = E2B6A2B824B007030070DECA /* CLLocationCoordinate2D-Extension.swift */; };
		E2C8E88F24C378AE003DC824 /* RestaurantListVC.swift in Sources */ = {isa = PBXBuildFile; fileRef = E2C8E88E24C378AE003DC824 /* RestaurantListVC.swift */; };
/* End PBXBuildFile section */

/* Begin PBXFileReference section */
		5B641319D9AB372932E7808D /* Pods-restaurants.release.xcconfig */ = {isa = PBXFileReference; includeInIndex = 1; lastKnownFileType = text.xcconfig; name = "Pods-restaurants.release.xcconfig"; path = "Target Support Files/Pods-restaurants/Pods-restaurants.release.xcconfig"; sourceTree = "<group>"; };
		D109427AE016A8C91568644A /* Pods-restaurants.debug.xcconfig */ = {isa = PBXFileReference; includeInIndex = 1; lastKnownFileType = text.xcconfig; name = "Pods-restaurants.debug.xcconfig"; path = "Target Support Files/Pods-restaurants/Pods-restaurants.debug.xcconfig"; sourceTree = "<group>"; };
		E215534824B297CC00494E1A /* OverlayButton.swift */ = {isa = PBXFileReference; lastKnownFileType = sourcecode.swift; path = OverlayButton.swift; sourceTree = "<group>"; };
		E215534C24B2A20E00494E1A /* UIView-Extension.swift */ = {isa = PBXFileReference; lastKnownFileType = sourcecode.swift; path = "UIView-Extension.swift"; sourceTree = "<group>"; };
		E215534E24B2C16F00494E1A /* UIButton-Extension.swift */ = {isa = PBXFileReference; lastKnownFileType = sourcecode.swift; path = "UIButton-Extension.swift"; sourceTree = "<group>"; };
		E215535024B2EA1B00494E1A /* RestaurantDetailVC.swift */ = {isa = PBXFileReference; lastKnownFileType = sourcecode.swift; path = RestaurantDetailVC.swift; sourceTree = "<group>"; };
		E215535224B3C9A700494E1A /* Review.swift */ = {isa = PBXFileReference; lastKnownFileType = sourcecode.swift; path = Review.swift; sourceTree = "<group>"; };
		E215535424B3F29D00494E1A /* Date-Extension.swift */ = {isa = PBXFileReference; lastKnownFileType = sourcecode.swift; path = "Date-Extension.swift"; sourceTree = "<group>"; };
		E215535624B3F83E00494E1A /* StarRatingView.swift */ = {isa = PBXFileReference; lastKnownFileType = sourcecode.swift; path = StarRatingView.swift; sourceTree = "<group>"; };
		E215535824B4247D00494E1A /* Fonts.swift */ = {isa = PBXFileReference; lastKnownFileType = sourcecode.swift; path = Fonts.swift; sourceTree = "<group>"; };
		E215535A24B4343500494E1A /* PaddingLabel.swift */ = {isa = PBXFileReference; lastKnownFileType = sourcecode.swift; path = PaddingLabel.swift; sourceTree = "<group>"; };
		E215535C24B5007500494E1A /* UIScrollView-Extension.swift */ = {isa = PBXFileReference; lastKnownFileType = sourcecode.swift; path = "UIScrollView-Extension.swift"; sourceTree = "<group>"; };
		E215535E24B5220500494E1A /* ReviewView.swift */ = {isa = PBXFileReference; lastKnownFileType = sourcecode.swift; path = ReviewView.swift; sourceTree = "<group>"; };
		E233541524B15F8C00A85DA3 /* Values.swift */ = {isa = PBXFileReference; lastKnownFileType = sourcecode.swift; path = Values.swift; sourceTree = "<group>"; };
		E233541724B1627200A85DA3 /* UIImage-Extension.swift */ = {isa = PBXFileReference; lastKnownFileType = sourcecode.swift; path = "UIImage-Extension.swift"; sourceTree = "<group>"; };
		E2574A2224B53348006618D7 /* UIImageView-Extension.swift */ = {isa = PBXFileReference; lastKnownFileType = sourcecode.swift; path = "UIImageView-Extension.swift"; sourceTree = "<group>"; };
		E2574A2424B58D14006618D7 /* TwoLevelButton.swift */ = {isa = PBXFileReference; lastKnownFileType = sourcecode.swift; path = TwoLevelButton.swift; sourceTree = "<group>"; };
		E2574A2624B65069006618D7 /* PriceLabel.swift */ = {isa = PBXFileReference; lastKnownFileType = sourcecode.swift; path = PriceLabel.swift; sourceTree = "<group>"; };
		E2574A2A24B67DCF006618D7 /* MapCutoutView.swift */ = {isa = PBXFileReference; lastKnownFileType = sourcecode.swift; path = MapCutoutView.swift; sourceTree = "<group>"; };
		E2574A2C24B6A537006618D7 /* TimeInterval-Extension.swift */ = {isa = PBXFileReference; lastKnownFileType = sourcecode.swift; path = "TimeInterval-Extension.swift"; sourceTree = "<group>"; };
		E2574A3124B7D41D006618D7 /* ScrollingStackView.swift */ = {isa = PBXFileReference; lastKnownFileType = sourcecode.swift; path = ScrollingStackView.swift; sourceTree = "<group>"; };
		E2705B5524C3C1340049C1A8 /* RestaurantCell.swift */ = {isa = PBXFileReference; lastKnownFileType = sourcecode.swift; path = RestaurantCell.swift; sourceTree = "<group>"; };
		E271233D24CFD40400A1CC2B /* RestaurantSelectedView.swift */ = {isa = PBXFileReference; lastKnownFileType = sourcecode.swift; path = RestaurantSelectedView.swift; sourceTree = "<group>"; };
		E2768DE724B1020F004CB475 /* RestaurantAnnotation.swift */ = {isa = PBXFileReference; lastKnownFileType = sourcecode.swift; path = RestaurantAnnotation.swift; sourceTree = "<group>"; };
		E2768DED24B15284004CB475 /* RestaurantAnnotationView.swift */ = {isa = PBXFileReference; lastKnownFileType = sourcecode.swift; path = RestaurantAnnotationView.swift; sourceTree = "<group>"; };
		E2768DEF24B15340004CB475 /* Colors.swift */ = {isa = PBXFileReference; lastKnownFileType = sourcecode.swift; path = Colors.swift; sourceTree = "<group>"; };
		E2778DD824B7F9DC00151F29 /* String-Extension.swift */ = {isa = PBXFileReference; lastKnownFileType = sourcecode.swift; path = "String-Extension.swift"; sourceTree = "<group>"; };
		E2778DDA24B832A100151F29 /* RestaurantCategoriesView.swift */ = {isa = PBXFileReference; lastKnownFileType = sourcecode.swift; path = RestaurantCategoriesView.swift; sourceTree = "<group>"; };
		E2778DDE24B96CAD00151F29 /* WebVC.swift */ = {isa = PBXFileReference; lastKnownFileType = sourcecode.swift; path = WebVC.swift; sourceTree = "<group>"; };
		E2778DE024BB8C0F00151F29 /* HeaderDetailView.swift */ = {isa = PBXFileReference; lastKnownFileType = sourcecode.swift; path = HeaderDetailView.swift; sourceTree = "<group>"; };
		E2778DE224BBA1BF00151F29 /* PhotosVC.swift */ = {isa = PBXFileReference; lastKnownFileType = sourcecode.swift; path = PhotosVC.swift; sourceTree = "<group>"; };
		E2778DE424BBA5B200151F29 /* PhotoCell.swift */ = {isa = PBXFileReference; lastKnownFileType = sourcecode.swift; path = PhotoCell.swift; sourceTree = "<group>"; };
		E27A755624A8557E00E446EE /* restaurants.app */ = {isa = PBXFileReference; explicitFileType = wrapper.application; includeInIndex = 0; path = restaurants.app; sourceTree = BUILT_PRODUCTS_DIR; };
		E27A755924A8557E00E446EE /* AppDelegate.swift */ = {isa = PBXFileReference; lastKnownFileType = sourcecode.swift; path = AppDelegate.swift; sourceTree = "<group>"; };
		E27A755B24A8557E00E446EE /* SceneDelegate.swift */ = {isa = PBXFileReference; lastKnownFileType = sourcecode.swift; path = SceneDelegate.swift; sourceTree = "<group>"; };
		E27A756224A8558000E446EE /* Assets.xcassets */ = {isa = PBXFileReference; lastKnownFileType = folder.assetcatalog; path = Assets.xcassets; sourceTree = "<group>"; };
		E27A756524A8558000E446EE /* Base */ = {isa = PBXFileReference; lastKnownFileType = file.storyboard; name = Base; path = Base.lproj/LaunchScreen.storyboard; sourceTree = "<group>"; };
		E27A756724A8558000E446EE /* Info.plist */ = {isa = PBXFileReference; lastKnownFileType = text.plist.xml; path = Info.plist; sourceTree = "<group>"; };
		E27A756D24A855EC00E446EE /* FindRestaurantVC.swift */ = {isa = PBXFileReference; lastKnownFileType = sourcecode.swift; path = FindRestaurantVC.swift; sourceTree = "<group>"; };
		E27A756F24A85AA100E446EE /* UIViewController-Extension.swift */ = {isa = PBXFileReference; lastKnownFileType = sourcecode.swift; path = "UIViewController-Extension.swift"; sourceTree = "<group>"; };
		E27A757124A85CF900E446EE /* CLLocationManager-Extension.swift */ = {isa = PBXFileReference; lastKnownFileType = sourcecode.swift; path = "CLLocationManager-Extension.swift"; sourceTree = "<group>"; };
		E27A757324AEDD3A00E446EE /* MKMapView-Extension.swift */ = {isa = PBXFileReference; lastKnownFileType = sourcecode.swift; path = "MKMapView-Extension.swift"; sourceTree = "<group>"; };
		E27A757524AF9ECC00E446EE /* Network.swift */ = {isa = PBXFileReference; lastKnownFileType = sourcecode.swift; path = Network.swift; sourceTree = "<group>"; };
		E284DC0824BBD82100790A29 /* SinglePhotoVC.swift */ = {isa = PBXFileReference; lastKnownFileType = sourcecode.swift; path = SinglePhotoVC.swift; sourceTree = "<group>"; };
		E284DC0A24BE8EC400790A29 /* RestaurantSpecificInfoVC.swift */ = {isa = PBXFileReference; lastKnownFileType = sourcecode.swift; path = RestaurantSpecificInfoVC.swift; sourceTree = "<group>"; };
		E2B6A2B624AFECD10070DECA /* Restaurant.swift */ = {isa = PBXFileReference; lastKnownFileType = sourcecode.swift; path = Restaurant.swift; sourceTree = "<group>"; };
		E2B6A2B824B007030070DECA /* CLLocationCoordinate2D-Extension.swift */ = {isa = PBXFileReference; lastKnownFileType = sourcecode.swift; path = "CLLocationCoordinate2D-Extension.swift"; sourceTree = "<group>"; };
		E2C8E88E24C378AE003DC824 /* RestaurantListVC.swift */ = {isa = PBXFileReference; lastKnownFileType = sourcecode.swift; path = RestaurantListVC.swift; sourceTree = "<group>"; };
		F1B89F6FBA7BC1CC1A76E4E2 /* Pods_restaurants.framework */ = {isa = PBXFileReference; explicitFileType = wrapper.framework; includeInIndex = 0; path = Pods_restaurants.framework; sourceTree = BUILT_PRODUCTS_DIR; };
/* End PBXFileReference section */

/* Begin PBXFrameworksBuildPhase section */
		E27A755324A8557E00E446EE /* Frameworks */ = {
			isa = PBXFrameworksBuildPhase;
			buildActionMask = 2147483647;
			files = (
				90009F3B1EF4D15FF2B4CA19 /* Pods_restaurants.framework in Frameworks */,
			);
			runOnlyForDeploymentPostprocessing = 0;
		};
/* End PBXFrameworksBuildPhase section */

/* Begin PBXGroup section */
		1B767FF57856D21FC4AE7F68 /* Frameworks */ = {
			isa = PBXGroup;
			children = (
				F1B89F6FBA7BC1CC1A76E4E2 /* Pods_restaurants.framework */,
			);
			name = Frameworks;
			sourceTree = "<group>";
		};
		61A546A00E056914FC050AE6 /* Pods */ = {
			isa = PBXGroup;
			children = (
				D109427AE016A8C91568644A /* Pods-restaurants.debug.xcconfig */,
				5B641319D9AB372932E7808D /* Pods-restaurants.release.xcconfig */,
			);
			path = Pods;
			sourceTree = "<group>";
		};
		E2574A2E24B7D370006618D7 /* View Controllers */ = {
			isa = PBXGroup;
			children = (
				E27A756D24A855EC00E446EE /* FindRestaurantVC.swift */,
				E2C8E88E24C378AE003DC824 /* RestaurantListVC.swift */,
				E215535024B2EA1B00494E1A /* RestaurantDetailVC.swift */,
				E284DC0A24BE8EC400790A29 /* RestaurantSpecificInfoVC.swift */,
				E2778DDE24B96CAD00151F29 /* WebVC.swift */,
				E2778DE224BBA1BF00151F29 /* PhotosVC.swift */,
				E284DC0824BBD82100790A29 /* SinglePhotoVC.swift */,
			);
			path = "View Controllers";
			sourceTree = "<group>";
		};
		E2574A2F24B7D37E006618D7 /* Generic Views */ = {
			isa = PBXGroup;
			children = (
				E215535A24B4343500494E1A /* PaddingLabel.swift */,
				E215534824B297CC00494E1A /* OverlayButton.swift */,
				E2574A2624B65069006618D7 /* PriceLabel.swift */,
				E2574A3124B7D41D006618D7 /* ScrollingStackView.swift */,
				E2574A2424B58D14006618D7 /* TwoLevelButton.swift */,
			);
			path = "Generic Views";
			sourceTree = "<group>";
		};
		E2574A3024B7D397006618D7 /* Views */ = {
			isa = PBXGroup;
			children = (
				E271233D24CFD40400A1CC2B /* RestaurantSelectedView.swift */,
				E215535624B3F83E00494E1A /* StarRatingView.swift */,
				E215535E24B5220500494E1A /* ReviewView.swift */,
				E2778DDA24B832A100151F29 /* RestaurantCategoriesView.swift */,
				E2574A2A24B67DCF006618D7 /* MapCutoutView.swift */,
				E2768DED24B15284004CB475 /* RestaurantAnnotationView.swift */,
				E2768DE724B1020F004CB475 /* RestaurantAnnotation.swift */,
				E2778DE024BB8C0F00151F29 /* HeaderDetailView.swift */,
			);
			path = Views;
			sourceTree = "<group>";
		};
		E2768DF124B15343004CB475 /* Constants */ = {
			isa = PBXGroup;
			children = (
				E2768DEF24B15340004CB475 /* Colors.swift */,
				E233541524B15F8C00A85DA3 /* Values.swift */,
				E215535824B4247D00494E1A /* Fonts.swift */,
			);
			path = Constants;
			sourceTree = "<group>";
		};
		E2778DE624BBA5B600151F29 /* Cells */ = {
			isa = PBXGroup;
			children = (
				E2778DE424BBA5B200151F29 /* PhotoCell.swift */,
				E2705B5524C3C1340049C1A8 /* RestaurantCell.swift */,
			);
			path = Cells;
			sourceTree = "<group>";
		};
		E27A754D24A8557E00E446EE = {
			isa = PBXGroup;
			children = (
				E27A755824A8557E00E446EE /* restaurants */,
				E27A755724A8557E00E446EE /* Products */,
				61A546A00E056914FC050AE6 /* Pods */,
				1B767FF57856D21FC4AE7F68 /* Frameworks */,
			);
			sourceTree = "<group>";
		};
		E27A755724A8557E00E446EE /* Products */ = {
			isa = PBXGroup;
			children = (
				E27A755624A8557E00E446EE /* restaurants.app */,
			);
			name = Products;
			sourceTree = "<group>";
		};
		E27A755824A8557E00E446EE /* restaurants */ = {
			isa = PBXGroup;
			children = (
				E27A755924A8557E00E446EE /* AppDelegate.swift */,
				E27A755B24A8557E00E446EE /* SceneDelegate.swift */,
				E27A757824AFC76B00E446EE /* UI */,
				E2B6A2B524AFC8B50070DECA /* Models */,
				E27A757924AFC77400E446EE /* Network */,
				E27A757724AFC75B00E446EE /* Extensions */,
				E2768DF124B15343004CB475 /* Constants */,
				E27A756224A8558000E446EE /* Assets.xcassets */,
				E27A756424A8558000E446EE /* LaunchScreen.storyboard */,
				E27A756724A8558000E446EE /* Info.plist */,
			);
			path = restaurants;
			sourceTree = "<group>";
		};
		E27A757724AFC75B00E446EE /* Extensions */ = {
			isa = PBXGroup;
			children = (
				E27A756F24A85AA100E446EE /* UIViewController-Extension.swift */,
				E2574A2224B53348006618D7 /* UIImageView-Extension.swift */,
				E27A757124A85CF900E446EE /* CLLocationManager-Extension.swift */,
				E2B6A2B824B007030070DECA /* CLLocationCoordinate2D-Extension.swift */,
				E233541724B1627200A85DA3 /* UIImage-Extension.swift */,
				E215534E24B2C16F00494E1A /* UIButton-Extension.swift */,
				E27A757324AEDD3A00E446EE /* MKMapView-Extension.swift */,
				E215534C24B2A20E00494E1A /* UIView-Extension.swift */,
				E215535424B3F29D00494E1A /* Date-Extension.swift */,
				E215535C24B5007500494E1A /* UIScrollView-Extension.swift */,
				E2574A2C24B6A537006618D7 /* TimeInterval-Extension.swift */,
				E2778DD824B7F9DC00151F29 /* String-Extension.swift */,
			);
			path = Extensions;
			sourceTree = "<group>";
		};
		E27A757824AFC76B00E446EE /* UI */ = {
			isa = PBXGroup;
			children = (
				E2574A2E24B7D370006618D7 /* View Controllers */,
				E2778DE624BBA5B600151F29 /* Cells */,
				E2574A3024B7D397006618D7 /* Views */,
				E2574A2F24B7D37E006618D7 /* Generic Views */,
			);
			path = UI;
			sourceTree = "<group>";
		};
		E27A757924AFC77400E446EE /* Network */ = {
			isa = PBXGroup;
			children = (
				E27A757524AF9ECC00E446EE /* Network.swift */,
			);
			path = Network;
			sourceTree = "<group>";
		};
		E2B6A2B524AFC8B50070DECA /* Models */ = {
			isa = PBXGroup;
			children = (
				E2B6A2B624AFECD10070DECA /* Restaurant.swift */,
				E215535224B3C9A700494E1A /* Review.swift */,
			);
			path = Models;
			sourceTree = "<group>";
		};
/* End PBXGroup section */

/* Begin PBXNativeTarget section */
		E27A755524A8557E00E446EE /* restaurants */ = {
			isa = PBXNativeTarget;
			buildConfigurationList = E27A756A24A8558000E446EE /* Build configuration list for PBXNativeTarget "restaurants" */;
			buildPhases = (
				0B7A6B76DC0032318AE29F07 /* [CP] Check Pods Manifest.lock */,
				E27A755224A8557E00E446EE /* Sources */,
				E27A755324A8557E00E446EE /* Frameworks */,
				E27A755424A8557E00E446EE /* Resources */,
				676F6DCC27D7B5E0E5A11C8D /* [CP] Embed Pods Frameworks */,
			);
			buildRules = (
			);
			dependencies = (
			);
			name = restaurants;
			productName = restaurants;
			productReference = E27A755624A8557E00E446EE /* restaurants.app */;
			productType = "com.apple.product-type.application";
		};
/* End PBXNativeTarget section */

/* Begin PBXProject section */
		E27A754E24A8557E00E446EE /* Project object */ = {
			isa = PBXProject;
			attributes = {
				LastSwiftUpdateCheck = 1150;
				LastUpgradeCheck = 1150;
				ORGANIZATIONNAME = "Steven Dito";
				TargetAttributes = {
					E27A755524A8557E00E446EE = {
						CreatedOnToolsVersion = 11.5;
					};
				};
			};
			buildConfigurationList = E27A755124A8557E00E446EE /* Build configuration list for PBXProject "restaurants" */;
			compatibilityVersion = "Xcode 9.3";
			developmentRegion = en;
			hasScannedForEncodings = 0;
			knownRegions = (
				en,
				Base,
			);
			mainGroup = E27A754D24A8557E00E446EE;
			productRefGroup = E27A755724A8557E00E446EE /* Products */;
			projectDirPath = "";
			projectRoot = "";
			targets = (
				E27A755524A8557E00E446EE /* restaurants */,
			);
		};
/* End PBXProject section */

/* Begin PBXResourcesBuildPhase section */
		E27A755424A8557E00E446EE /* Resources */ = {
			isa = PBXResourcesBuildPhase;
			buildActionMask = 2147483647;
			files = (
				E27A756624A8558000E446EE /* LaunchScreen.storyboard in Resources */,
				E27A756324A8558000E446EE /* Assets.xcassets in Resources */,
			);
			runOnlyForDeploymentPostprocessing = 0;
		};
/* End PBXResourcesBuildPhase section */

/* Begin PBXShellScriptBuildPhase section */
		0B7A6B76DC0032318AE29F07 /* [CP] Check Pods Manifest.lock */ = {
			isa = PBXShellScriptBuildPhase;
			buildActionMask = 2147483647;
			files = (
			);
			inputFileListPaths = (
			);
			inputPaths = (
				"${PODS_PODFILE_DIR_PATH}/Podfile.lock",
				"${PODS_ROOT}/Manifest.lock",
			);
			name = "[CP] Check Pods Manifest.lock";
			outputFileListPaths = (
			);
			outputPaths = (
				"$(DERIVED_FILE_DIR)/Pods-restaurants-checkManifestLockResult.txt",
			);
			runOnlyForDeploymentPostprocessing = 0;
			shellPath = /bin/sh;
			shellScript = "diff \"${PODS_PODFILE_DIR_PATH}/Podfile.lock\" \"${PODS_ROOT}/Manifest.lock\" > /dev/null\nif [ $? != 0 ] ; then\n    # print error to STDERR\n    echo \"error: The sandbox is not in sync with the Podfile.lock. Run 'pod install' or update your CocoaPods installation.\" >&2\n    exit 1\nfi\n# This output is used by Xcode 'outputs' to avoid re-running this script phase.\necho \"SUCCESS\" > \"${SCRIPT_OUTPUT_FILE_0}\"\n";
			showEnvVarsInLog = 0;
		};
		676F6DCC27D7B5E0E5A11C8D /* [CP] Embed Pods Frameworks */ = {
			isa = PBXShellScriptBuildPhase;
			buildActionMask = 2147483647;
			files = (
			);
			inputFileListPaths = (
				"${PODS_ROOT}/Target Support Files/Pods-restaurants/Pods-restaurants-frameworks-${CONFIGURATION}-input-files.xcfilelist",
			);
			name = "[CP] Embed Pods Frameworks";
			outputFileListPaths = (
				"${PODS_ROOT}/Target Support Files/Pods-restaurants/Pods-restaurants-frameworks-${CONFIGURATION}-output-files.xcfilelist",
			);
			runOnlyForDeploymentPostprocessing = 0;
			shellPath = /bin/sh;
			shellScript = "\"${PODS_ROOT}/Target Support Files/Pods-restaurants/Pods-restaurants-frameworks.sh\"\n";
			showEnvVarsInLog = 0;
		};
/* End PBXShellScriptBuildPhase section */

/* Begin PBXSourcesBuildPhase section */
		E27A755224A8557E00E446EE /* Sources */ = {
			isa = PBXSourcesBuildPhase;
			buildActionMask = 2147483647;
			files = (
				E2574A2324B53348006618D7 /* UIImageView-Extension.swift in Sources */,
				E27A757024A85AA100E446EE /* UIViewController-Extension.swift in Sources */,
				E2768DF024B15340004CB475 /* Colors.swift in Sources */,
				E27A756E24A855EC00E446EE /* FindRestaurantVC.swift in Sources */,
				E215535524B3F29D00494E1A /* Date-Extension.swift in Sources */,
				E27A757224A85CF900E446EE /* CLLocationManager-Extension.swift in Sources */,
				E2574A2524B58D14006618D7 /* TwoLevelButton.swift in Sources */,
				E2C8E88F24C378AE003DC824 /* RestaurantListVC.swift in Sources */,
				E271233E24CFD40400A1CC2B /* RestaurantSelectedView.swift in Sources */,
				E284DC0924BBD82100790A29 /* SinglePhotoVC.swift in Sources */,
				E215535F24B5220500494E1A /* ReviewView.swift in Sources */,
				E215534D24B2A20E00494E1A /* UIView-Extension.swift in Sources */,
				E27A755A24A8557E00E446EE /* AppDelegate.swift in Sources */,
				E215535124B2EA1B00494E1A /* RestaurantDetailVC.swift in Sources */,
				E215535924B4247D00494E1A /* Fonts.swift in Sources */,
				E2B6A2B724AFECD10070DECA /* Restaurant.swift in Sources */,
				E2768DE824B1020F004CB475 /* RestaurantAnnotation.swift in Sources */,
				E215534F24B2C16F00494E1A /* UIButton-Extension.swift in Sources */,
				E27A755C24A8557E00E446EE /* SceneDelegate.swift in Sources */,
				E233541624B15F8C00A85DA3 /* Values.swift in Sources */,
				E27A757624AF9ECC00E446EE /* Network.swift in Sources */,
				E2778DD924B7F9DC00151F29 /* String-Extension.swift in Sources */,
				E2778DE324BBA1BF00151F29 /* PhotosVC.swift in Sources */,
				E2778DDF24B96CAD00151F29 /* WebVC.swift in Sources */,
				E2574A2724B65069006618D7 /* PriceLabel.swift in Sources */,
				E215535724B3F83E00494E1A /* StarRatingView.swift in Sources */,
				E2574A3224B7D41D006618D7 /* ScrollingStackView.swift in Sources */,
				E2705B5624C3C1340049C1A8 /* RestaurantCell.swift in Sources */,
				E2574A2B24B67DCF006618D7 /* MapCutoutView.swift in Sources */,
				E215535B24B4343500494E1A /* PaddingLabel.swift in Sources */,
				E2778DE124BB8C0F00151F29 /* HeaderDetailView.swift in Sources */,
				E215535D24B5007500494E1A /* UIScrollView-Extension.swift in Sources */,
				E2778DDB24B832A100151F29 /* RestaurantCategoriesView.swift in Sources */,
				E2768DEE24B15284004CB475 /* RestaurantAnnotationView.swift in Sources */,
				E2778DE524BBA5B200151F29 /* PhotoCell.swift in Sources */,
				E215535324B3C9A700494E1A /* Review.swift in Sources */,
				E2B6A2B924B007030070DECA /* CLLocationCoordinate2D-Extension.swift in Sources */,
				E215534924B297CC00494E1A /* OverlayButton.swift in Sources */,
				E2574A2D24B6A537006618D7 /* TimeInterval-Extension.swift in Sources */,
				E284DC0B24BE8EC400790A29 /* RestaurantSpecificInfoVC.swift in Sources */,
				E27A757424AEDD3A00E446EE /* MKMapView-Extension.swift in Sources */,
				E233541824B1627200A85DA3 /* UIImage-Extension.swift in Sources */,
			);
			runOnlyForDeploymentPostprocessing = 0;
		};
/* End PBXSourcesBuildPhase section */

/* Begin PBXVariantGroup section */
		E27A756424A8558000E446EE /* LaunchScreen.storyboard */ = {
			isa = PBXVariantGroup;
			children = (
				E27A756524A8558000E446EE /* Base */,
			);
			name = LaunchScreen.storyboard;
			sourceTree = "<group>";
		};
/* End PBXVariantGroup section */

/* Begin XCBuildConfiguration section */
		E27A756824A8558000E446EE /* Debug */ = {
			isa = XCBuildConfiguration;
			buildSettings = {
				ALWAYS_SEARCH_USER_PATHS = NO;
				CLANG_ANALYZER_NONNULL = YES;
				CLANG_ANALYZER_NUMBER_OBJECT_CONVERSION = YES_AGGRESSIVE;
				CLANG_CXX_LANGUAGE_STANDARD = "gnu++14";
				CLANG_CXX_LIBRARY = "libc++";
				CLANG_ENABLE_MODULES = YES;
				CLANG_ENABLE_OBJC_ARC = YES;
				CLANG_ENABLE_OBJC_WEAK = YES;
				CLANG_WARN_BLOCK_CAPTURE_AUTORELEASING = YES;
				CLANG_WARN_BOOL_CONVERSION = YES;
				CLANG_WARN_COMMA = YES;
				CLANG_WARN_CONSTANT_CONVERSION = YES;
				CLANG_WARN_DEPRECATED_OBJC_IMPLEMENTATIONS = YES;
				CLANG_WARN_DIRECT_OBJC_ISA_USAGE = YES_ERROR;
				CLANG_WARN_DOCUMENTATION_COMMENTS = YES;
				CLANG_WARN_EMPTY_BODY = YES;
				CLANG_WARN_ENUM_CONVERSION = YES;
				CLANG_WARN_INFINITE_RECURSION = YES;
				CLANG_WARN_INT_CONVERSION = YES;
				CLANG_WARN_NON_LITERAL_NULL_CONVERSION = YES;
				CLANG_WARN_OBJC_IMPLICIT_RETAIN_SELF = YES;
				CLANG_WARN_OBJC_LITERAL_CONVERSION = YES;
				CLANG_WARN_OBJC_ROOT_CLASS = YES_ERROR;
				CLANG_WARN_RANGE_LOOP_ANALYSIS = YES;
				CLANG_WARN_STRICT_PROTOTYPES = YES;
				CLANG_WARN_SUSPICIOUS_MOVE = YES;
				CLANG_WARN_UNGUARDED_AVAILABILITY = YES_AGGRESSIVE;
				CLANG_WARN_UNREACHABLE_CODE = YES;
				CLANG_WARN__DUPLICATE_METHOD_MATCH = YES;
				COPY_PHASE_STRIP = NO;
				DEBUG_INFORMATION_FORMAT = dwarf;
				ENABLE_STRICT_OBJC_MSGSEND = YES;
				ENABLE_TESTABILITY = YES;
				GCC_C_LANGUAGE_STANDARD = gnu11;
				GCC_DYNAMIC_NO_PIC = NO;
				GCC_NO_COMMON_BLOCKS = YES;
				GCC_OPTIMIZATION_LEVEL = 0;
				GCC_PREPROCESSOR_DEFINITIONS = (
					"DEBUG=1",
					"$(inherited)",
				);
				GCC_WARN_64_TO_32_BIT_CONVERSION = YES;
				GCC_WARN_ABOUT_RETURN_TYPE = YES_ERROR;
				GCC_WARN_UNDECLARED_SELECTOR = YES;
				GCC_WARN_UNINITIALIZED_AUTOS = YES_AGGRESSIVE;
				GCC_WARN_UNUSED_FUNCTION = YES;
				GCC_WARN_UNUSED_VARIABLE = YES;
				IPHONEOS_DEPLOYMENT_TARGET = 13.5;
				MTL_ENABLE_DEBUG_INFO = INCLUDE_SOURCE;
				MTL_FAST_MATH = YES;
				ONLY_ACTIVE_ARCH = YES;
				SDKROOT = iphoneos;
				SWIFT_ACTIVE_COMPILATION_CONDITIONS = DEBUG;
				SWIFT_OPTIMIZATION_LEVEL = "-Onone";
			};
			name = Debug;
		};
		E27A756924A8558000E446EE /* Release */ = {
			isa = XCBuildConfiguration;
			buildSettings = {
				ALWAYS_SEARCH_USER_PATHS = NO;
				CLANG_ANALYZER_NONNULL = YES;
				CLANG_ANALYZER_NUMBER_OBJECT_CONVERSION = YES_AGGRESSIVE;
				CLANG_CXX_LANGUAGE_STANDARD = "gnu++14";
				CLANG_CXX_LIBRARY = "libc++";
				CLANG_ENABLE_MODULES = YES;
				CLANG_ENABLE_OBJC_ARC = YES;
				CLANG_ENABLE_OBJC_WEAK = YES;
				CLANG_WARN_BLOCK_CAPTURE_AUTORELEASING = YES;
				CLANG_WARN_BOOL_CONVERSION = YES;
				CLANG_WARN_COMMA = YES;
				CLANG_WARN_CONSTANT_CONVERSION = YES;
				CLANG_WARN_DEPRECATED_OBJC_IMPLEMENTATIONS = YES;
				CLANG_WARN_DIRECT_OBJC_ISA_USAGE = YES_ERROR;
				CLANG_WARN_DOCUMENTATION_COMMENTS = YES;
				CLANG_WARN_EMPTY_BODY = YES;
				CLANG_WARN_ENUM_CONVERSION = YES;
				CLANG_WARN_INFINITE_RECURSION = YES;
				CLANG_WARN_INT_CONVERSION = YES;
				CLANG_WARN_NON_LITERAL_NULL_CONVERSION = YES;
				CLANG_WARN_OBJC_IMPLICIT_RETAIN_SELF = YES;
				CLANG_WARN_OBJC_LITERAL_CONVERSION = YES;
				CLANG_WARN_OBJC_ROOT_CLASS = YES_ERROR;
				CLANG_WARN_RANGE_LOOP_ANALYSIS = YES;
				CLANG_WARN_STRICT_PROTOTYPES = YES;
				CLANG_WARN_SUSPICIOUS_MOVE = YES;
				CLANG_WARN_UNGUARDED_AVAILABILITY = YES_AGGRESSIVE;
				CLANG_WARN_UNREACHABLE_CODE = YES;
				CLANG_WARN__DUPLICATE_METHOD_MATCH = YES;
				COPY_PHASE_STRIP = NO;
				DEBUG_INFORMATION_FORMAT = "dwarf-with-dsym";
				ENABLE_NS_ASSERTIONS = NO;
				ENABLE_STRICT_OBJC_MSGSEND = YES;
				GCC_C_LANGUAGE_STANDARD = gnu11;
				GCC_NO_COMMON_BLOCKS = YES;
				GCC_WARN_64_TO_32_BIT_CONVERSION = YES;
				GCC_WARN_ABOUT_RETURN_TYPE = YES_ERROR;
				GCC_WARN_UNDECLARED_SELECTOR = YES;
				GCC_WARN_UNINITIALIZED_AUTOS = YES_AGGRESSIVE;
				GCC_WARN_UNUSED_FUNCTION = YES;
				GCC_WARN_UNUSED_VARIABLE = YES;
				IPHONEOS_DEPLOYMENT_TARGET = 13.5;
				MTL_ENABLE_DEBUG_INFO = NO;
				MTL_FAST_MATH = YES;
				SDKROOT = iphoneos;
				SWIFT_COMPILATION_MODE = wholemodule;
				SWIFT_OPTIMIZATION_LEVEL = "-O";
				VALIDATE_PRODUCT = YES;
			};
			name = Release;
		};
		E27A756B24A8558000E446EE /* Debug */ = {
			isa = XCBuildConfiguration;
			baseConfigurationReference = D109427AE016A8C91568644A /* Pods-restaurants.debug.xcconfig */;
			buildSettings = {
				ASSETCATALOG_COMPILER_APPICON_NAME = AppIcon;
				CODE_SIGN_STYLE = Automatic;
				DEVELOPMENT_TEAM = XVWYN7L6Y8;
				INFOPLIST_FILE = restaurants/Info.plist;
				LD_RUNPATH_SEARCH_PATHS = (
					"$(inherited)",
					"@executable_path/Frameworks",
				);
				PRODUCT_BUNDLE_IDENTIFIER = com.stevendito.restaurants;
				PRODUCT_NAME = "$(TARGET_NAME)";
				SWIFT_VERSION = 5.0;
				TARGETED_DEVICE_FAMILY = "1,2";
			};
			name = Debug;
		};
		E27A756C24A8558000E446EE /* Release */ = {
			isa = XCBuildConfiguration;
			baseConfigurationReference = 5B641319D9AB372932E7808D /* Pods-restaurants.release.xcconfig */;
			buildSettings = {
				ASSETCATALOG_COMPILER_APPICON_NAME = AppIcon;
				CODE_SIGN_STYLE = Automatic;
				DEVELOPMENT_TEAM = XVWYN7L6Y8;
				INFOPLIST_FILE = restaurants/Info.plist;
				LD_RUNPATH_SEARCH_PATHS = (
					"$(inherited)",
					"@executable_path/Frameworks",
				);
				PRODUCT_BUNDLE_IDENTIFIER = com.stevendito.restaurants;
				PRODUCT_NAME = "$(TARGET_NAME)";
				SWIFT_VERSION = 5.0;
				TARGETED_DEVICE_FAMILY = "1,2";
			};
			name = Release;
		};
/* End XCBuildConfiguration section */

/* Begin XCConfigurationList section */
		E27A755124A8557E00E446EE /* Build configuration list for PBXProject "restaurants" */ = {
			isa = XCConfigurationList;
			buildConfigurations = (
				E27A756824A8558000E446EE /* Debug */,
				E27A756924A8558000E446EE /* Release */,
			);
			defaultConfigurationIsVisible = 0;
			defaultConfigurationName = Release;
		};
		E27A756A24A8558000E446EE /* Build configuration list for PBXNativeTarget "restaurants" */ = {
			isa = XCConfigurationList;
			buildConfigurations = (
				E27A756B24A8558000E446EE /* Debug */,
				E27A756C24A8558000E446EE /* Release */,
			);
			defaultConfigurationIsVisible = 0;
			defaultConfigurationName = Release;
		};
/* End XCConfigurationList section */
	};
	rootObject = E27A754E24A8557E00E446EE /* Project object */;
}
